PODS:
  - MGJSONViewer (0.1.0):
    - MGJSONViewer/Assets (= 0.1.0)
    - MGJSONViewer/Classes (= 0.1.0)
  - MGJSONViewer/Assets (0.1.0)
  - MGJSONViewer/Classes (0.1.0)

DEPENDENCIES:
  - MGJSONViewer (from `../`)

EXTERNAL SOURCES:
  MGJSONViewer:
    :path: "../"

SPEC CHECKSUMS:
  MGJSONViewer: 287f8ad27526952f42485530df050ec20fc54128

PODFILE CHECKSUM: d5bf0efdaf38f1fcb9986ac1dff0b21bfdd97ca9

COCOAPODS: 1.11.3
